
Microsoft Visual Studio Solution File, Format Version 12.00
# Visual Studio Version 16
VisualStudioVersion = 16.0.30114.105
MinimumVisualStudioVersion = 10.0.40219.1
Project("{FAE04EC0-301F-11D3-BF4B-00C04F79EFBC}") = "API", "API\API.csproj", "{C6192928-81E2-485D-9B88-082A52825DEB}"
EndProject
Project("{FAE04EC0-301F-11D3-BF4B-00C04F79EFBC}") = "Application", "Application\Application.csproj", "{71231C66-6F28-4E7F-90EC-B7C211735751}"
EndProject
Project("{FAE04EC0-301F-11D3-BF4B-00C04F79EFBC}") = "Persistence", "Persistence\Persistence.csproj", "{8CFA7D14-1935-4290-9C3C-110F29D331AB}"
EndProject
Project("{FAE04EC0-301F-11D3-BF4B-00C04F79EFBC}") = "Domain", "Domain\Domain.csproj", "{E10E7730-2E9F-491A-891A-C4B4F876FE8C}"
EndProject
Global
	GlobalSection(SolutionConfigurationPlatforms) = preSolution
		Debug|Any CPU = Debug|Any CPU
		Debug|x64 = Debug|x64
		Debug|x86 = Debug|x86
		Release|Any CPU = Release|Any CPU
		Release|x64 = Release|x64
		Release|x86 = Release|x86
	EndGlobalSection
	GlobalSection(SolutionProperties) = preSolution
		HideSolutionNode = FALSE
	EndGlobalSection
	GlobalSection(ProjectConfigurationPlatforms) = postSolution
		{C6192928-81E2-485D-9B88-082A52825DEB}.Debug|Any CPU.ActiveCfg = Debug|Any CPU
		{C6192928-81E2-485D-9B88-082A52825DEB}.Debug|Any CPU.Build.0 = Debug|Any CPU
		{C6192928-81E2-485D-9B88-082A52825DEB}.Debug|x64.ActiveCfg = Debug|Any CPU
		{C6192928-81E2-485D-9B88-082A52825DEB}.Debug|x64.Build.0 = Debug|Any CPU
		{C6192928-81E2-485D-9B88-082A52825DEB}.Debug|x86.ActiveCfg = Debug|Any CPU
		{C6192928-81E2-485D-9B88-082A52825DEB}.Debug|x86.Build.0 = Debug|Any CPU
		{C6192928-81E2-485D-9B88-082A52825DEB}.Release|Any CPU.ActiveCfg = Release|Any CPU
		{C6192928-81E2-485D-9B88-082A52825DEB}.Release|Any CPU.Build.0 = Release|Any CPU
		{C6192928-81E2-485D-9B88-082A52825DEB}.Release|x64.ActiveCfg = Release|Any CPU
		{C6192928-81E2-485D-9B88-082A52825DEB}.Release|x64.Build.0 = Release|Any CPU
		{C6192928-81E2-485D-9B88-082A52825DEB}.Release|x86.ActiveCfg = Release|Any CPU
		{C6192928-81E2-485D-9B88-082A52825DEB}.Release|x86.Build.0 = Release|Any CPU
		{71231C66-6F28-4E7F-90EC-B7C211735751}.Debug|Any CPU.ActiveCfg = Debug|Any CPU
		{71231C66-6F28-4E7F-90EC-B7C211735751}.Debug|Any CPU.Build.0 = Debug|Any CPU
		{71231C66-6F28-4E7F-90EC-B7C211735751}.Debug|x64.ActiveCfg = Debug|Any CPU
		{71231C66-6F28-4E7F-90EC-B7C211735751}.Debug|x64.Build.0 = Debug|Any CPU
		{71231C66-6F28-4E7F-90EC-B7C211735751}.Debug|x86.ActiveCfg = Debug|Any CPU
		{71231C66-6F28-4E7F-90EC-B7C211735751}.Debug|x86.Build.0 = Debug|Any CPU
		{71231C66-6F28-4E7F-90EC-B7C211735751}.Release|Any CPU.ActiveCfg = Release|Any CPU
		{71231C66-6F28-4E7F-90EC-B7C211735751}.Release|Any CPU.Build.0 = Release|Any CPU
		{71231C66-6F28-4E7F-90EC-B7C211735751}.Release|x64.ActiveCfg = Release|Any CPU
		{71231C66-6F28-4E7F-90EC-B7C211735751}.Release|x64.Build.0 = Release|Any CPU
		{71231C66-6F28-4E7F-90EC-B7C211735751}.Release|x86.ActiveCfg = Release|Any CPU
		{71231C66-6F28-4E7F-90EC-B7C211735751}.Release|x86.Build.0 = Release|Any CPU
		{8CFA7D14-1935-4290-9C3C-110F29D331AB}.Debug|Any CPU.ActiveCfg = Debug|Any CPU
		{8CFA7D14-1935-4290-9C3C-110F29D331AB}.Debug|Any CPU.Build.0 = Debug|Any CPU
		{8CFA7D14-1935-4290-9C3C-110F29D331AB}.Debug|x64.ActiveCfg = Debug|Any CPU
		{8CFA7D14-1935-4290-9C3C-110F29D331AB}.Debug|x64.Build.0 = Debug|Any CPU
		{8CFA7D14-1935-4290-9C3C-110F29D331AB}.Debug|x86.ActiveCfg = Debug|Any CPU
		{8CFA7D14-1935-4290-9C3C-110F29D331AB}.Debug|x86.Build.0 = Debug|Any CPU
		{8CFA7D14-1935-4290-9C3C-110F29D331AB}.Release|Any CPU.ActiveCfg = Release|Any CPU
		{8CFA7D14-1935-4290-9C3C-110F29D331AB}.Release|Any CPU.Build.0 = Release|Any CPU
		{8CFA7D14-1935-4290-9C3C-110F29D331AB}.Release|x64.ActiveCfg = Release|Any CPU
		{8CFA7D14-1935-4290-9C3C-110F29D331AB}.Release|x64.Build.0 = Release|Any CPU
		{8CFA7D14-1935-4290-9C3C-110F29D331AB}.Release|x86.ActiveCfg = Release|Any CPU
		{8CFA7D14-1935-4290-9C3C-110F29D331AB}.Release|x86.Build.0 = Release|Any CPU
		{E10E7730-2E9F-491A-891A-C4B4F876FE8C}.Debug|Any CPU.ActiveCfg = Debug|Any CPU
		{E10E7730-2E9F-491A-891A-C4B4F876FE8C}.Debug|Any CPU.Build.0 = Debug|Any CPU
		{E10E7730-2E9F-491A-891A-C4B4F876FE8C}.Debug|x64.ActiveCfg = Debug|Any CPU
		{E10E7730-2E9F-491A-891A-C4B4F876FE8C}.Debug|x64.Build.0 = Debug|Any CPU
		{E10E7730-2E9F-491A-891A-C4B4F876FE8C}.Debug|x86.ActiveCfg = Debug|Any CPU
		{E10E7730-2E9F-491A-891A-C4B4F876FE8C}.Debug|x86.Build.0 = Debug|Any CPU
		{E10E7730-2E9F-491A-891A-C4B4F876FE8C}.Release|Any CPU.ActiveCfg = Release|Any CPU
		{E10E7730-2E9F-491A-891A-C4B4F876FE8C}.Release|Any CPU.Build.0 = Release|Any CPU
		{E10E7730-2E9F-491A-891A-C4B4F876FE8C}.Release|x64.ActiveCfg = Release|Any CPU
		{E10E7730-2E9F-491A-891A-C4B4F876FE8C}.Release|x64.Build.0 = Release|Any CPU
		{E10E7730-2E9F-491A-891A-C4B4F876FE8C}.Release|x86.ActiveCfg = Release|Any CPU
		{E10E7730-2E9F-491A-891A-C4B4F876FE8C}.Release|x86.Build.0 = Release|Any CPU
	EndGlobalSection
EndGlobal
